
Microsoft Visual Studio Solution File, Format Version 12.00
# Visual Studio Version 17
VisualStudioVersion = 17.11.35327.3
MinimumVisualStudioVersion = 10.0.40219.1
Project("{9A19103F-16F7-4668-BE54-9A1E7A4F7556}") = "Lansweeper.SMB", "Lansweeper.SMB\Lansweeper.SMB.csproj", "{3AAF7B92-ECD8-4001-844A-98BA52DF54A2}"
EndProject
Project("{9A19103F-16F7-4668-BE54-9A1E7A4F7556}") = "Lansweeper.SMB.Tests", "Lansweeper.SMB.Tests\Lansweeper.SMB.Tests.csproj", "{B1E2A4CD-56CA-4475-8CF0-F2D212A234A0}"
EndProject
Global
	GlobalSection(SolutionConfigurationPlatforms) = preSolution
		Debug|Any CPU = Debug|Any CPU
		Release|Any CPU = Release|Any CPU
	EndGlobalSection
	GlobalSection(ProjectConfigurationPlatforms) = postSolution
		{3AAF7B92-ECD8-4001-844A-98BA52DF54A2}.Debug|Any CPU.ActiveCfg = Debug|Any CPU
		{3AAF7B92-ECD8-4001-844A-98BA52DF54A2}.Debug|Any CPU.Build.0 = Debug|Any CPU
		{3AAF7B92-ECD8-4001-844A-98BA52DF54A2}.Release|Any CPU.ActiveCfg = Release|Any CPU
		{3AAF7B92-ECD8-4001-844A-98BA52DF54A2}.Release|Any CPU.Build.0 = Release|Any CPU
		{B1E2A4CD-56CA-4475-8CF0-F2D212A234A0}.Debug|Any CPU.ActiveCfg = Debug|Any CPU
		{B1E2A4CD-56CA-4475-8CF0-F2D212A234A0}.Debug|Any CPU.Build.0 = Debug|Any CPU
		{B1E2A4CD-56CA-4475-8CF0-F2D212A234A0}.Release|Any CPU.ActiveCfg = Release|Any CPU
		{B1E2A4CD-56CA-4475-8CF0-F2D212A234A0}.Release|Any CPU.Build.0 = Release|Any CPU
	EndGlobalSection
	GlobalSection(SolutionProperties) = preSolution
		HideSolutionNode = FALSE
	EndGlobalSection
	GlobalSection(ExtensibilityGlobals) = postSolution
		SolutionGuid = {0B1A2210-EC35-41B6-B0E1-E2A394CE9D4F}
	EndGlobalSection
EndGlobal
